
Microsoft Visual Studio Solution File, Format Version 12.00
# Visual Studio Version 17
VisualStudioVersion = 17.14.37012.4 d17.14
MinimumVisualStudioVersion = 10.0.40219.1
Project("{FAE04EC0-301F-11D3-BF4B-00C04F79EFBC}") = "TicketBot", "TicketBot\TicketBot.csproj", "{5B1482FD-8DAA-40A7-A445-BC5BFCBDDC20}"
EndProject
Global
	GlobalSection(SolutionConfigurationPlatforms) = preSolution
		Debug|Any CPU = Debug|Any CPU
		Release|Any CPU = Release|Any CPU
	EndGlobalSection
	GlobalSection(ProjectConfigurationPlatforms) = postSolution
		{5B1482FD-8DAA-40A7-A445-BC5BFCBDDC20}.Debug|Any CPU.ActiveCfg = Debug|Any CPU
		{5B1482FD-8DAA-40A7-A445-BC5BFCBDDC20}.Debug|Any CPU.Build.0 = Debug|Any CPU
		{5B1482FD-8DAA-40A7-A445-BC5BFCBDDC20}.Release|Any CPU.ActiveCfg = Release|Any CPU
		{5B1482FD-8DAA-40A7-A445-BC5BFCBDDC20}.Release|Any CPU.Build.0 = Release|Any CPU
	EndGlobalSection
	GlobalSection(SolutionProperties) = preSolution
		HideSolutionNode = FALSE
	EndGlobalSection
	GlobalSection(ExtensibilityGlobals) = postSolution
		SolutionGuid = {1355AE14-6295-4F84-81E8-2E4BA472B19F}
	EndGlobalSection
EndGlobal
